
Microsoft Visual Studio Solution File, Format Version 12.00
# Visual Studio Version 16
VisualStudioVersion = 16.0.30803.129
MinimumVisualStudioVersion = 10.0.40219.1
Project("{FAE04EC0-301F-11D3-BF4B-00C04F79EFBC}") = "BwtCompression.Cli", "BwtCompression.Cli\BwtCompression.Cli.csproj", "{4242AFF3-D7E0-4694-8B2D-5358BEDE5713}"
EndProject
Project("{FAE04EC0-301F-11D3-BF4B-00C04F79EFBC}") = "BwtCompression.Coders", "BwtCompression.Coders\BwtCompression.Coders.csproj", "{5B5F1C6A-A7BB-467D-89E9-E22179518326}"
EndProject
Global
	GlobalSection(SolutionConfigurationPlatforms) = preSolution
		Debug|Any CPU = Debug|Any CPU
		Release|Any CPU = Release|Any CPU
	EndGlobalSection
	GlobalSection(ProjectConfigurationPlatforms) = postSolution
		{4242AFF3-D7E0-4694-8B2D-5358BEDE5713}.Debug|Any CPU.ActiveCfg = Debug|Any CPU
		{4242AFF3-D7E0-4694-8B2D-5358BEDE5713}.Debug|Any CPU.Build.0 = Debug|Any CPU
		{4242AFF3-D7E0-4694-8B2D-5358BEDE5713}.Release|Any CPU.ActiveCfg = Release|Any CPU
		{4242AFF3-D7E0-4694-8B2D-5358BEDE5713}.Release|Any CPU.Build.0 = Release|Any CPU
		{5B5F1C6A-A7BB-467D-89E9-E22179518326}.Debug|Any CPU.ActiveCfg = Debug|Any CPU
		{5B5F1C6A-A7BB-467D-89E9-E22179518326}.Debug|Any CPU.Build.0 = Debug|Any CPU
		{5B5F1C6A-A7BB-467D-89E9-E22179518326}.Release|Any CPU.ActiveCfg = Release|Any CPU
		{5B5F1C6A-A7BB-467D-89E9-E22179518326}.Release|Any CPU.Build.0 = Release|Any CPU
	EndGlobalSection
	GlobalSection(SolutionProperties) = preSolution
		HideSolutionNode = FALSE
	EndGlobalSection
	GlobalSection(ExtensibilityGlobals) = postSolution
		SolutionGuid = {78E1875A-9B5F-467D-980E-BE4630E13305}
	EndGlobalSection
EndGlobal
